{
    "_readme": [
        "This file locks the dependencies of your project to a known state",
        "Read more about it at https://getcomposer.org/doc/01-basic-usage.md#composer-lock-the-lock-file",
        "This file is @generated automatically"
    ],
    "content-hash": "5580aed11ef0a2b5763a71e59fba24ed",
    "packages": [
        {
            "name": "tmarois/filebase",
            "version": "v1.0.12",
            "source": {
                "type": "git",
                "url": "https://github.com/tmarois/Filebase.git",
                "reference": "70522461cc48f1fa65471dca64701542b7b0d899"
            },
            "dist": {
                "type": "zip",
                "url": "https://api.github.com/repos/tmarois/Filebase/zipball/70522461cc48f1fa65471dca64701542b7b0d899",
                "reference": "70522461cc48f1fa65471dca64701542b7b0d899",
                "shasum": ""
            },
            "require-dev": {
                "phpunit/phpunit": "^6.0",
                "satooshi/php-coveralls": "dev-master"
            },
            "type": "package",
            "autoload": {
                "psr-4": {
                    "Filebase\\": "src/"
                }
            },
            "notification-url": "https://packagist.org/downloads/",
            "description": "A Simple but Powerful Flat File Database Storage.",
            "homepage": "https://github.com/tmarois/Filebase",
            "keywords": [
                "database",
                "document",
                "file",
                "file-files",
                "filebase",
                "flat",
                "flat-file",
                "key-value",
                "serverless"
            ],
            "time": "2017-12-12T00:41:50+00:00"
        }
    ],
    "packages-dev": [],
    "aliases": [],
    "minimum-stability": "stable",
    "stability-flags": [],
    "prefer-stable": false,
    "prefer-lowest": false,
    "platform": [],
    "platform-dev": []
}
